<Solution>
  <Folder Name="/infra/" />
  <Folder Name="/infra/bicep/">
    <File Path="acr.bicep" />
    <File Path="aks.bicep" />
    <File Path="loganalytics.bicep" />
    <File Path="main.bicep" />
    <File Path="network.bicep" />
  </Folder>
  <Folder Name="/infra/parameters/">
    <File Path="lab.bicepparam" />
  </Folder>
  <Folder Name="/infra/scripts/">
    <File Path="Connect-AKS.ps1" />
    <File Path="Create-Lab.ps1" />
    <File Path="Delete-Lab.ps1" />
  </Folder>
  <Folder Name="/k8s/">
    <File Path="hpa.yaml" />
    <File Path="ingress.yaml" />
    <File Path="k8s/configmaps/app-config.yaml" />
    <File Path="namespace.yaml" />
  </Folder>
  <Folder Name="/k8s/authapi/">
    <File Path="k8s/authapi/authapi-deployment.yaml" />
    <File Path="k8s/authapi/authapi-service.yaml" />
  </Folder>
  <Folder Name="/k8s/configmaps/">
    <File Path="k8s/configmaps/app-config.yaml" />
  </Folder>
  <Folder Name="/k8s/orderapi/">
    <File Path="k8s/configmaps/app-config.yaml" />
    <File Path="k8s/orderapi/orderapi-deployment.yaml" />
    <File Path="k8s/orderapi/orderapi-service.yaml" />
  </Folder>
  <Folder Name="/k8s/paymentapi/">
    <File Path="k8s/PaymentApi/paymentapi-deployment.yaml" />
    <File Path="k8s/PaymentApi/paymentapi-service.yaml" />
  </Folder>
  <Folder Name="/Solution Items/">
    <File Path=".gitignore" />
    <File Path="azure-pipelines-auth.yml" />
    <File Path="azure-pipelines-order.yml" />
    <File Path="azure-pipelines-payment.yml" />
  </Folder>
  <Project Path="AuthApi/AuthApi.csproj" />
  <Project Path="OrderApi/OrderApi.csproj" />
  <Project Path="PaymentApi/PaymentApi.csproj" />
</Solution>
